
Microsoft Visual Studio Solution File, Format Version 12.00
# Visual Studio Version 16
VisualStudioVersion = 16.0.31829.152
MinimumVisualStudioVersion = 10.0.40219.1
Project("{9A19103F-16F7-4668-BE54-9A1E7A4F7556}") = "Api", "Api\Api.csproj", "{6BB900BA-FB02-4756-A1F1-280C261A9302}"
EndProject
Project("{9A19103F-16F7-4668-BE54-9A1E7A4F7556}") = "Core", "Core\Core.csproj", "{842ECD33-53B6-4DF8-AA29-05B13CD7791A}"
EndProject
Project("{9A19103F-16F7-4668-BE54-9A1E7A4F7556}") = "Infrastructure", "Infrastructure\Infrastructure.csproj", "{12D81327-3B61-43A8-A3C1-06F42052FEE1}"
EndProject
Project("{2150E333-8FDC-42A3-9474-1A3956D46DE8}") = "src", "src", "{D5612F7A-AAFE-458B-90E5-197A1886BF98}"
EndProject
Project("{2150E333-8FDC-42A3-9474-1A3956D46DE8}") = "tests", "tests", "{219B969A-1317-42F1-BA50-CC0A27E248DA}"
EndProject
Project("{FAE04EC0-301F-11D3-BF4B-00C04F79EFBC}") = "Api.UnitTests", "Api.UnitTests\Api.UnitTests.csproj", "{A4ED2951-D4A5-4BCD-A34B-4C70322BEF28}"
EndProject
Global
	GlobalSection(SolutionConfigurationPlatforms) = preSolution
		Debug|Any CPU = Debug|Any CPU
		Release|Any CPU = Release|Any CPU
	EndGlobalSection
	GlobalSection(ProjectConfigurationPlatforms) = postSolution
		{6BB900BA-FB02-4756-A1F1-280C261A9302}.Debug|Any CPU.ActiveCfg = Debug|Any CPU
		{6BB900BA-FB02-4756-A1F1-280C261A9302}.Debug|Any CPU.Build.0 = Debug|Any CPU
		{6BB900BA-FB02-4756-A1F1-280C261A9302}.Release|Any CPU.ActiveCfg = Release|Any CPU
		{6BB900BA-FB02-4756-A1F1-280C261A9302}.Release|Any CPU.Build.0 = Release|Any CPU
		{842ECD33-53B6-4DF8-AA29-05B13CD7791A}.Debug|Any CPU.ActiveCfg = Debug|Any CPU
		{842ECD33-53B6-4DF8-AA29-05B13CD7791A}.Debug|Any CPU.Build.0 = Debug|Any CPU
		{842ECD33-53B6-4DF8-AA29-05B13CD7791A}.Release|Any CPU.ActiveCfg = Release|Any CPU
		{842ECD33-53B6-4DF8-AA29-05B13CD7791A}.Release|Any CPU.Build.0 = Release|Any CPU
		{12D81327-3B61-43A8-A3C1-06F42052FEE1}.Debug|Any CPU.ActiveCfg = Debug|Any CPU
		{12D81327-3B61-43A8-A3C1-06F42052FEE1}.Debug|Any CPU.Build.0 = Debug|Any CPU
		{12D81327-3B61-43A8-A3C1-06F42052FEE1}.Release|Any CPU.ActiveCfg = Release|Any CPU
		{12D81327-3B61-43A8-A3C1-06F42052FEE1}.Release|Any CPU.Build.0 = Release|Any CPU
		{A4ED2951-D4A5-4BCD-A34B-4C70322BEF28}.Debug|Any CPU.ActiveCfg = Debug|Any CPU
		{A4ED2951-D4A5-4BCD-A34B-4C70322BEF28}.Debug|Any CPU.Build.0 = Debug|Any CPU
		{A4ED2951-D4A5-4BCD-A34B-4C70322BEF28}.Release|Any CPU.ActiveCfg = Release|Any CPU
		{A4ED2951-D4A5-4BCD-A34B-4C70322BEF28}.Release|Any CPU.Build.0 = Release|Any CPU
	EndGlobalSection
	GlobalSection(SolutionProperties) = preSolution
		HideSolutionNode = FALSE
	EndGlobalSection
	GlobalSection(NestedProjects) = preSolution
		{6BB900BA-FB02-4756-A1F1-280C261A9302} = {D5612F7A-AAFE-458B-90E5-197A1886BF98}
		{842ECD33-53B6-4DF8-AA29-05B13CD7791A} = {D5612F7A-AAFE-458B-90E5-197A1886BF98}
		{12D81327-3B61-43A8-A3C1-06F42052FEE1} = {D5612F7A-AAFE-458B-90E5-197A1886BF98}
		{A4ED2951-D4A5-4BCD-A34B-4C70322BEF28} = {219B969A-1317-42F1-BA50-CC0A27E248DA}
	EndGlobalSection
	GlobalSection(ExtensibilityGlobals) = postSolution
		SolutionGuid = {69F1CDC2-4343-48A5-A285-CB3E5F6359BF}
	EndGlobalSection
EndGlobal
